
Microsoft Visual Studio Solution File, Format Version 12.00
# Visual Studio 2013
VisualStudioVersion = 12.0.31101.0
MinimumVisualStudioVersion = 10.0.40219.1
Project("{FAE04EC0-301F-11D3-BF4B-00C04F79EFBC}") = "Test34.ODataBackend", "ODataBackend/Test34.ODataBackend.csproj", "{3E011E8E-A0B5-4816-8136-DAE65D69F34B}"
EndProject
Project("{FAE04EC0-301F-11D3-BF4B-00C04F79EFBC}") = "Test34.Objects", "Objects/Test34.Objects.csproj", "{669331D7-A35D-49E2-923A-066F72F52188}"
EndProject
Global
	GlobalSection(SolutionConfigurationPlatforms) = preSolution
Debug|Any CPU = Debug|Any CPU
Release|Any CPU = Release|Any CPU
	EndGlobalSection
	GlobalSection(ProjectConfigurationPlatforms) = postSolution
		{3E011E8E-A0B5-4816-8136-DAE65D69F34B}.Debug|Any CPU.ActiveCfg = Debug|Any CPU
		{3E011E8E-A0B5-4816-8136-DAE65D69F34B}.Debug|Any CPU.Build.0 = Debug|Any CPU
		{3E011E8E-A0B5-4816-8136-DAE65D69F34B}.Release|Any CPU.ActiveCfg = Release|Any CPU
		{3E011E8E-A0B5-4816-8136-DAE65D69F34B}.Release|Any CPU.Build.0 = Release|Any CPU
		{669331D7-A35D-49E2-923A-066F72F52188}.Debug|Any CPU.ActiveCfg = Debug|Any CPU
		{669331D7-A35D-49E2-923A-066F72F52188}.Debug|Any CPU.Build.0 = Debug|Any CPU
		{669331D7-A35D-49E2-923A-066F72F52188}.Release|Any CPU.ActiveCfg = Release|Any CPU
		{669331D7-A35D-49E2-923A-066F72F52188}.Release|Any CPU.Build.0 = Release|Any CPU
	EndGlobalSection
	GlobalSection(SolutionProperties) = preSolution
		HideSolutionNode = FALSE
	EndGlobalSection
EndGlobal
